version = 1
revision = 3
requires-python = ">=3.10, <4"

[[package]]
name = "bitarray"
version = "2.9.2"
source = { registry = "https://pypi.org/simple" }
sdist = { url = "https://files.pythonhosted.org/packages/c7/bf/25cf92a83e1fe4948d7935ae3c02f4c9ff9cb9c13e977fba8af11a5f642c/bitarray-2.9.2.tar.gz", hash = "sha256:a8f286a51a32323715d77755ed959f94bef13972e9a2fe71b609e40e6d27957e", size = 132825, upload-time = "2024-01-01T21:08:01.957Z" }
wheels = [
    { url = "https://files.pythonhosted.org/packages/bc/ce/d114d6cb2b00f2bdb038cf2fa739a8d9765042692d74fb66b7c91099c444/bitarray-2.9.2-cp310-cp310-macosx_10_9_universal2.whl", hash = "sha256:917905de565d9576eb20f53c797c15ba88b9f4f19728acabec8d01eee1d3756a", size = 176818, upload-time = "2024-01-01T21:04:08.474Z" },
    { url = "https://files.pythonhosted.org/packages/93/f1/1a2231056444ed39b6498f81cd1a390620458aca2faffed686d2bceec8c9/bitarray-2.9.2-cp310-cp310-macosx_10_9_x86_64.whl", hash = "sha256:b35bfcb08b7693ab4bf9059111a6e9f14e07d57ac93cd967c420db58ab9b71e1", size = 128058, upload-time = "2024-01-01T21:04:11.27Z" },
    { url = "https://files.pythonhosted.org/packages/2c/6c/e7130b7ece5b871dc9628c1c4c115cb6ee7076ec104b052a9bcd5f66920a/bitarray-2.9.2-cp310-cp310-macosx_11_0_arm64.whl", hash = "sha256:ea1923d2e7880f9e1959e035da661767b5a2e16a45dfd57d6aa831e8b65ee1bf", size = 124494, upload-time = "2024-01-01T21:04:13.415Z" },
    { url = "https://files.pythonhosted.org/packages/d6/60/4c7c08cd801f529e006e71992d2c70241501a73d8b02b8927cc1a5544b47/bitarray-2.9.2-cp310-cp310-manylinux_2_17_aarch64.manylinux2014_aarch64.whl", hash = "sha256:1e0b63a565e8a311cc8348ff1262d5784df0f79d64031d546411afd5dd7ef67d", size = 288132, upload-time = "2024-01-01T21:04:16.066Z" },
    { url = "https://files.pythonhosted.org/packages/0c/9a/5c7f3f00b6fd54a28e64e24a683a8ea62371e71791fcf472adfd2041583b/bitarray-2.9.2-cp310-cp310-manylinux_2_17_ppc64le.manylinux2014_ppc64le.whl", hash = "sha256:cf0620da2b81946d28c0b16f3e3704d38e9837d85ee4f0652816e2609aaa4fed", size = 303303, upload-time = "2024-01-01T21:04:18.461Z" },
    { url = "https://files.pythonhosted.org/packages/ff/47/c4671b89af1fc1e774bfd8b47af47ee5806f14e72010a97bee5ac92fef01/bitarray-2.9.2-cp310-cp310-manylinux_2_17_s390x.manylinux2014_s390x.whl", hash = "sha256:79a9b8b05f2876c7195a2b698c47528e86a73c61ea203394ff8e7a4434bda5c8", size = 305431, upload-time = "2024-01-01T21:04:20.547Z" },
    { url = "https://files.pythonhosted.org/packages/e4/37/df70f878b8e4dbf95558eea8c7611db8bf14b0064992078c36339c529b84/bitarray-2.9.2-cp310-cp310-manylinux_2_17_x86_64.manylinux2014_x86_64.whl", hash = "sha256:345c76b349ff145549652436235c5532e5bfe9db690db6f0a6ad301c62b9ef21", size = 288305, upload-time = "2024-01-01T21:04:23.037Z" },
    { url = "https://files.pythonhosted.org/packages/89/8d/8a4b4c1fd75e9e84bb7aac0d6f97d8251a5f44fa6110ab27c85338f73c0d/bitarray-2.9.2-cp310-cp310-manylinux_2_5_i686.manylinux1_i686.manylinux_2_17_i686.manylinux2014_i686.whl", hash = "sha256:4e2936f090bf3f4d1771f44f9077ebccdbc0415d2b598d51a969afcb519df505", size = 278122, upload-time = "2024-01-01T21:04:24.46Z" },
    { url = "https://files.pythonhosted.org/packages/52/05/2d4a978b164dacf748e1d5470552b123d62ab96a88968179b620b8adb28d/bitarray-2.9.2-cp310-cp310-musllinux_1_1_aarch64.whl", hash = "sha256:f9346e98fc2abcef90b942973087e2462af6d3e3710e82938078d3493f7fef52", size = 320446, upload-time = "2024-01-01T21:04:26.725Z" },
    { url = "https://files.pythonhosted.org/packages/7e/f3/edce7e35845e75aadd9c8774ef3b2b61a560c921147d73a34e693841f53a/bitarray-2.9.2-cp310-cp310-musllinux_1_1_i686.whl", hash = "sha256:e6ec283d4741befb86e8c3ea2e9ac1d17416c956d392107e45263e736954b1f7", size = 308271, upload-time = "2024-01-01T21:04:28.374Z" },
    { url = "https://files.pythonhosted.org/packages/f6/3d/f2c66b0edfeb156b5a95e33bcb61dd151a491db671080fa9be8b45cb1cd9/bitarray-2.9.2-cp310-cp310-musllinux_1_1_ppc64le.whl", hash = "sha256:962892646599529917ef26266091e4cb3077c88b93c3833a909d68dcc971c4e3", size = 332969, upload-time = "2024-01-01T21:04:29.897Z" },
    { url = "https://files.pythonhosted.org/packages/5b/06/ea5da65f846f806b638b11755d0f485566c931c4d49ef0383e43cf1771ee/bitarray-2.9.2-cp310-cp310-musllinux_1_1_s390x.whl", hash = "sha256:e8da5355d7d75a52df5b84750989e34e39919ec7e59fafc4c104cc1607ab2d31", size = 338350, upload-time = "2024-01-01T21:04:31.97Z" },
    { url = "https://files.pythonhosted.org/packages/fe/48/25fb3db98448184a4f6c1715850fd329f9583916eedfef8d4e0a07dafa9f/bitarray-2.9.2-cp310-cp310-musllinux_1_1_x86_64.whl", hash = "sha256:603e7d640e54ad764d2b4da6b61e126259af84f253a20f512dd10689566e5478", size = 319179, upload-time = "2024-01-01T21:04:34.042Z" },
    { url = "https://files.pythonhosted.org/packages/e9/a2/e1a13cb95c24e14a1bf1998ef925a62faea2e6a317b16d945e7c384ed380/bitarray-2.9.2-cp310-cp310-win32.whl", hash = "sha256:f00079f8e69d75c2a417de7961a77612bb77ef46c09bc74607d86de4740771ef", size = 118623, upload-time = "2024-01-01T21:04:36.15Z" },
    { url = "https://files.pythonhosted.org/packages/ee/00/4bd8469ed3f9f9aa1495fc860b8a7481cdd0b38f19082745be06e5358468/bitarray-2.9.2-cp310-cp310-win_amd64.whl", hash = "sha256:1bb33673e7f7190a65f0a940c1ef63266abdb391f4a3e544a47542d40a81f536", size = 126022, upload-time = "2024-01-01T21:04:37.834Z" },
    { url = "https://files.pythonhosted.org/packages/32/86/a02960105c0a40e7e4cbc74933f070ab476312d20aa25f6959f4abe5095b/bitarray-2.9.2-cp311-cp311-macosx_10_9_universal2.whl", hash = "sha256:fe71fd4b76380c2772f96f1e53a524da7063645d647a4fcd3b651bdd80ca0f2e", size = 177175, upload-time = "2024-01-01T21:04:39.194Z" },
    { url = "https://files.pythonhosted.org/packages/8d/fd/ce16db75d5470f9676089428500ef0d473f4e2ff1dcbcf1f856bcd351ea2/bitarray-2.9.2-cp311-cp311-macosx_10_9_x86_64.whl", hash = "sha256:d527172919cdea1e13994a66d9708a80c3d33dedcf2f0548e4925e600fef3a3a", size = 128273, upload-time = "2024-01-01T21:04:41.23Z" },
    { url = "https://files.pythonhosted.org/packages/06/60/c1a419f8abd0c9d2641e3e570fc63ad3a87a63ef88a362900e3254f780bc/bitarray-2.9.2-cp311-cp311-macosx_11_0_arm64.whl", hash = "sha256:052c5073bdcaa9dd10628d99d37a2f33ec09364b86dd1f6281e2d9f8d3db3060", size = 124642, upload-time = "2024-01-01T21:04:43.264Z" },
    { url = "https://files.pythonhosted.org/packages/9e/af/bba89e6f9499fb9dba04b701c8106a1dcc94b5913f35ed20f089da8bea99/bitarray-2.9.2-cp311-cp311-manylinux_2_17_aarch64.manylinux2014_aarch64.whl", hash = "sha256:e064caa55a6ed493aca1eda06f8b3f689778bc780a75e6ad7724642ba5dc62f7", size = 296283, upload-time = "2024-01-01T21:04:45.407Z" },
    { url = "https://files.pythonhosted.org/packages/8f/44/19e91ffc42a2ded4f1ee73f7923186cf1606cab1119b1d5df24c9cea763e/bitarray-2.9.2-cp311-cp311-manylinux_2_17_ppc64le.manylinux2014_ppc64le.whl", hash = "sha256:508069a04f658210fdeee85a7a0ca84db4bcc110cbb1d21f692caa13210f24a7", size = 311309, upload-time = "2024-01-01T21:04:47.597Z" },
    { url = "https://files.pythonhosted.org/packages/9f/76/eedaa1fcb60af30536af70f6659e3a86dcfdce3e413b188f7864513e4923/bitarray-2.9.2-cp311-cp311-manylinux_2_17_s390x.manylinux2014_s390x.whl", hash = "sha256:4da73ebd537d75fa7bccfc2228fcaedea0803f21dd9d0bf0d3b67fef3c4af294", size = 314220, upload-time = "2024-01-01T21:04:50.056Z" },
    { url = "https://files.pythonhosted.org/packages/21/fa/9fb7266b28ce1c8778aaea650c75855640ea1ada91a80c47c90376994a59/bitarray-2.9.2-cp311-cp311-manylinux_2_17_x86_64.manylinux2014_x86_64.whl", hash = "sha256:5cb378eaa65cd43098f11ff5d27e48ee3b956d2c00d2d6b5bfc2a09fe183be47", size = 296519, upload-time = "2024-01-01T21:04:51.854Z" },
    { url = "https://files.pythonhosted.org/packages/c4/ee/c9a92c123f9b0438498d0a8f9470439a43bdafbf042cbdceab7968e5bb1c/bitarray-2.9.2-cp311-cp311-manylinux_2_5_i686.manylinux1_i686.manylinux_2_17_i686.manylinux2014_i686.whl", hash = "sha256:d14c790b91f6cbcd9b718f88ed737c78939980c69ac8c7f03dd7e60040c12951", size = 286784, upload-time = "2024-01-01T21:04:53.707Z" },
    { url = "https://files.pythonhosted.org/packages/81/7f/0d9c16a7e321f5cb1d6c634acf4f8620513634776ceeee6f8f732b992fae/bitarray-2.9.2-cp311-cp311-musllinux_1_1_aarch64.whl", hash = "sha256:7eea9318293bc0ea6447e9ebfba600a62f3428bea7e9c6d42170ae4f481dbab3", size = 328319, upload-time = "2024-01-01T21:04:55.629Z" },
    { url = "https://files.pythonhosted.org/packages/2e/98/0730518cf071366633dd027e14e3fba91dc91dd8b4e60d6ae249cde3f53f/bitarray-2.9.2-cp311-cp311-musllinux_1_1_i686.whl", hash = "sha256:b76ffec27c7450b8a334f967366a9ebadaea66ee43f5b530c12861b1a991f503", size = 315614, upload-time = "2024-01-01T21:04:57.202Z" },
    { url = "https://files.pythonhosted.org/packages/4c/b3/8f198444cd2312d520e0372f933932fff68b5900eb2dbab91725924aa7a1/bitarray-2.9.2-cp311-cp311-musllinux_1_1_ppc64le.whl", hash = "sha256:76b76a07d4ee611405045c6950a1e24c4362b6b44808d4ad6eea75e0dbc59af4", size = 340143, upload-time = "2024-01-01T21:04:58.761Z" },
    { url = "https://files.pythonhosted.org/packages/b9/1a/78841fa855ea2dc13d8d61f231bd3a619732738d7d840b4b35d9d8f93e6e/bitarray-2.9.2-cp311-cp311-musllinux_1_1_s390x.whl", hash = "sha256:c7d16beeaaab15b075990cd26963d6b5b22e8c5becd131781514a00b8bdd04bd", size = 345958, upload-time = "2024-01-01T21:05:00.72Z" },
    { url = "https://files.pythonhosted.org/packages/b7/9f/aac87cd45cc4d7b7e50dde590327bde525601088e710c8ba00e8743ddb2b/bitarray-2.9.2-cp311-cp311-musllinux_1_1_x86_64.whl", hash = "sha256:60df43e868a615c7e15117a1e1c2e5e11f48f6457280eba6ddf8fbefbec7da99", size = 327122, upload-time = "2024-01-01T21:05:03.448Z" },
    { url = "https://files.pythonhosted.org/packages/78/3e/5df523037f80cf95f99d0155ec921298f4fa2b1f7be10cb0c4daffb632da/bitarray-2.9.2-cp311-cp311-win32.whl", hash = "sha256:e788608ed7767b7b3bbde6d49058bccdf94df0de9ca75d13aa99020cc7e68095", size = 118627, upload-time = "2024-01-01T21:05:07.243Z" },
    { url = "https://files.pythonhosted.org/packages/9c/0e/af070131ed7a4fd15cadc84e018d3c6d3b58070513934462b48a5ff9eb1e/bitarray-2.9.2-cp311-cp311-win_amd64.whl", hash = "sha256:a23397da092ef0a8cfe729571da64c2fc30ac18243caa82ac7c4f965087506ff", size = 126013, upload-time = "2024-01-01T21:05:08.714Z" },
    { url = "https://files.pythonhosted.org/packages/ef/7d/f489f2136cf5ea1af201be12d55bfc57b45731c4b7e3cc6e001efe62effb/bitarray-2.9.2-cp312-cp312-macosx_10_9_universal2.whl", hash = "sha256:90e3a281ffe3897991091b7c46fca38c2675bfd4399ffe79dfeded6c52715436", size = 176636, upload-time = "2024-01-01T21:05:10.66Z" },
    { url = "https://files.pythonhosted.org/packages/b8/b6/3e64b19e45b52837e0c4ec1c220bf24dd70dcbcd27e073e07837973f8c16/bitarray-2.9.2-cp312-cp312-macosx_10_9_x86_64.whl", hash = "sha256:bed637b674db5e6c8a97a4a321e3e4d73e72d50b5c6b29950008a93069cc64cd", size = 127916, upload-time = "2024-01-01T21:05:13.049Z" },
    { url = "https://files.pythonhosted.org/packages/23/c7/12b1e5cdd8678a6a47610a013fafdbe80d62226d49b73185619bd7361c53/bitarray-2.9.2-cp312-cp312-macosx_11_0_arm64.whl", hash = "sha256:e49066d251dbbe4e6e3a5c3937d85b589e40e2669ad0eef41a00f82ec17d844b", size = 124475, upload-time = "2024-01-01T21:05:14.618Z" },
    { url = "https://files.pythonhosted.org/packages/77/e1/02dc3f03348808a77b26556a6c299f68dbbf0c4a27f340a69d574d2d2432/bitarray-2.9.2-cp312-cp312-manylinux_2_17_aarch64.manylinux2014_aarch64.whl", hash = "sha256:3c4344e96642e2211fb3a50558feff682c31563a4c64529a931769d40832ca79", size = 299121, upload-time = "2024-01-01T21:05:16.323Z" },
    { url = "https://files.pythonhosted.org/packages/ea/f1/9cdb006c352b47b26532e7ee7798bd2dacf42774eb75e4a353a38a3ff2b3/bitarray-2.9.2-cp312-cp312-manylinux_2_17_ppc64le.manylinux2014_ppc64le.whl", hash = "sha256:aeb60962ec4813c539a59fbd4f383509c7222b62c3fb1faa76b54943a613e33a", size = 313486, upload-time = "2024-01-01T21:05:18.521Z" },
    { url = "https://files.pythonhosted.org/packages/bb/79/98bdfea0f390d313fa04546578a3eee3c3a6dbba94973246438ea8c880aa/bitarray-2.9.2-cp312-cp312-manylinux_2_17_s390x.manylinux2014_s390x.whl", hash = "sha256:ed0f7982f10581bb16553719e5e8f933e003f5b22f7d25a68bdb30fac630a6ff", size = 317527, upload-time = "2024-01-01T21:05:20.728Z" },
    { url = "https://files.pythonhosted.org/packages/58/02/21a2038ee856649f03738828e3bc6c4cd9bfd31125a250c6e30d378067ff/bitarray-2.9.2-cp312-cp312-manylinux_2_17_x86_64.manylinux2014_x86_64.whl", hash = "sha256:c71d1cabdeee0cdda4669168618f0e46b7dace207b29da7b63aaa1adc2b54081", size = 299885, upload-time = "2024-01-01T21:05:22.553Z" },
    { url = "https://files.pythonhosted.org/packages/49/97/82c350256a22689fb50ed86af1a3a5509410332cfe55d644fd7ff5e46dbf/bitarray-2.9.2-cp312-cp312-manylinux_2_5_i686.manylinux1_i686.manylinux_2_17_i686.manylinux2014_i686.whl", hash = "sha256:b0ef2d0a6f1502d38d911d25609b44c6cc27bee0a4363dd295df78b075041b60", size = 289796, upload-time = "2024-01-01T21:05:24.08Z" },
    { url = "https://files.pythonhosted.org/packages/09/69/ca799419b576d015331b19b42c70086b1208ba363f744c8bb7dc31a0bb6a/bitarray-2.9.2-cp312-cp312-musllinux_1_1_aarch64.whl", hash = "sha256:6f71d92f533770fb027388b35b6e11988ab89242b883f48a6fe7202d238c61f8", size = 334912, upload-time = "2024-01-01T21:05:25.761Z" },
    { url = "https://files.pythonhosted.org/packages/fb/8a/dad9d48c72367f76b117957e3d718de07254667f33838d061856b238b576/bitarray-2.9.2-cp312-cp312-musllinux_1_1_i686.whl", hash = "sha256:ba0734aa300757c924f3faf8148e1b8c247176a0ac8e16aefdf9c1eb19e868f7", size = 322790, upload-time = "2024-01-01T21:05:27.425Z" },
    { url = "https://files.pythonhosted.org/packages/b7/f1/a4f723153e6b4c56a90275a1d6ad04860bd72d9966196eb331cd18b50a12/bitarray-2.9.2-cp312-cp312-musllinux_1_1_ppc64le.whl", hash = "sha256:d91406f413ccbf4af6ab5ae7bc78f772a95609f9ddd14123db36ef8c37116d95", size = 346212, upload-time = "2024-01-01T21:05:29.095Z" },
    { url = "https://files.pythonhosted.org/packages/7f/4f/55301544e90df8a7b798959bffa94e5694b29c964ed9e9e2a52d6cfac9c7/bitarray-2.9.2-cp312-cp312-musllinux_1_1_s390x.whl", hash = "sha256:87abb7f80c0a042f3fe8e5264da1a2756267450bb602110d5327b8eaff7682e7", size = 353044, upload-time = "2024-01-01T21:05:30.595Z" },
    { url = "https://files.pythonhosted.org/packages/16/8b/363fdc21aff37ac99dba4ed41c0d535c37b416cd002351a9848173c738f1/bitarray-2.9.2-cp312-cp312-musllinux_1_1_x86_64.whl", hash = "sha256:4b558ce85579b51a2e38703877d1e93b7728a7af664dd45a34e833534f0b755d", size = 334380, upload-time = "2024-01-01T21:05:32.379Z" },
    { url = "https://files.pythonhosted.org/packages/66/58/f57a6420b363d2f0517d79b9af9fd608360ef174eb5d1d82cc5a26dbdbde/bitarray-2.9.2-cp312-cp312-win32.whl", hash = "sha256:dac2399ee2889fbdd3472bfc2ede74c34cceb1ccf29a339964281a16eb1d3188", size = 118738, upload-time = "2024-01-01T21:05:34.889Z" },
    { url = "https://files.pythonhosted.org/packages/93/a9/b9462e2a3b4ee020c6caa1dccece324d6b0c7643b9f0a43d9ac8cd15c9d9/bitarray-2.9.2-cp312-cp312-win_amd64.whl", hash = "sha256:48a30d718d1a6dfc22a49547450107abe8f4afdf2abdcbe76eb9ed88edc49498", size = 126202, upload-time = "2024-01-01T21:05:36.489Z" },
    { url = "https://files.pythonhosted.org/packages/04/f8/68d0fda45f2c0e02773aa692ef113b3beb399e75033bd8f4aec7fa90f7f6/bitarray-2.9.2-pp310-pypy310_pp73-macosx_10_9_x86_64.whl", hash = "sha256:43847799461d8ba71deb4d97b47250c2c2fb66d82cd3cb8b4caf52bb97c03034", size = 124138, upload-time = "2024-01-01T21:07:25.086Z" },
    { url = "https://files.pythonhosted.org/packages/e5/cf/585d3e2bbb05928d3bcd3deb14ced5d62e90211cc3b2c5534579f602d194/bitarray-2.9.2-pp310-pypy310_pp73-manylinux_2_17_aarch64.manylinux2014_aarch64.whl", hash = "sha256:f4f44381b0a4bdf64416082f4f0e7140377ae962c0ced6f983c6d7bbfc034040", size = 128828, upload-time = "2024-01-01T21:07:27.006Z" },
    { url = "https://files.pythonhosted.org/packages/5d/cb/edc40ceedf7148c11afb44e43f7d6816d6e196044ab5cf5f12734cda8f8c/bitarray-2.9.2-pp310-pypy310_pp73-manylinux_2_17_x86_64.manylinux2014_x86_64.whl", hash = "sha256:a484061616fb4b158b80789bd3cb511f399d2116525a8b29b6334c68abc2310f", size = 129614, upload-time = "2024-01-01T21:07:28.549Z" },
    { url = "https://files.pythonhosted.org/packages/d1/f8/48020a48ffb72d4021826c801e4c73109dad0abbec03860f512b61162c65/bitarray-2.9.2-pp310-pypy310_pp73-manylinux_2_5_i686.manylinux1_i686.manylinux_2_17_i686.manylinux2014_i686.whl", hash = "sha256:1ff9e38356cc803e06134cf8ae9758e836ccd1b793135ef3db53c7c5d71e93bc", size = 131448, upload-time = "2024-01-01T21:07:30.398Z" },
    { url = "https://files.pythonhosted.org/packages/12/39/fea10d4aae1c2f63448c37308b8b6cd7dd34dbbc3dca7ebb5e9d98ae6fbe/bitarray-2.9.2-pp310-pypy310_pp73-win_amd64.whl", hash = "sha256:b44105792fbdcfbda3e26ee88786790fda409da4c71f6c2b73888108cf8f062f", size = 126480, upload-time = "2024-01-01T21:07:32.202Z" },
]

[[package]]
name = "bitstring"
version = "4.1.4"
source = { registry = "https://pypi.org/simple" }
dependencies = [
    { name = "bitarray" },
]
sdist = { url = "https://files.pythonhosted.org/packages/7f/07/0fd502a29127b968bada3d1824a8af997546d2b9ff73f00e800b3d9888cb/bitstring-4.1.4.tar.gz", hash = "sha256:94f3f1c45383ebe8fd4a359424ffeb75c2f290760ae8fcac421b44f89ac85213", size = 232014, upload-time = "2023-11-29T18:14:53.58Z" }
wheels = [
    { url = "https://files.pythonhosted.org/packages/33/c3/4ceb28a082f94f83425bfebbf7aa667a0d0e357015ffd7ff201ae4976308/bitstring-4.1.4-py3-none-any.whl", hash = "sha256:da46c4d6f8f3fb75a85566fdd33d5083ba8b8f268ed76f34eefe5a00da426192", size = 60977, upload-time = "2023-11-29T18:14:50.989Z" },
]

[[package]]
name = "ifaddr"
version = "0.2.0"
source = { registry = "https://pypi.org/simple" }
sdist = { url = "https://files.pythonhosted.org/packages/e8/ac/fb4c578f4a3256561548cd825646680edcadb9440f3f68add95ade1eb791/ifaddr-0.2.0.tar.gz", hash = "sha256:cc0cbfcaabf765d44595825fb96a99bb12c79716b73b44330ea38ee2b0c4aed4", size = 10485, upload-time = "2022-06-15T21:40:27.561Z" }
wheels = [
    { url = "https://files.pythonhosted.org/packages/9c/1f/19ebc343cc71a7ffa78f17018535adc5cbdd87afb31d7c34874680148b32/ifaddr-0.2.0-py3-none-any.whl", hash = "sha256:085e0305cfe6f16ab12d72e2024030f5d52674afad6911bb1eee207177b8a748", size = 12314, upload-time = "2022-06-15T21:40:25.756Z" },
]

[[package]]
name = "lifxlan"
version = "1.2.9"
source = { registry = "https://pypi.org/simple" }
dependencies = [
    { name = "bitstring" },
    { name = "ifaddr" },
]
sdist = { url = "https://files.pythonhosted.org/packages/ca/4a/a9e143b3234a8f514b10027697af2daadbe438948e52d7aec2a9c438e399/lifxlan-1.2.9.tar.gz", hash = "sha256:1247ffc4b4f4aa702498ef54a551d9f955bf65b07922f05e7345d26eb70ffc1a", size = 37984, upload-time = "2025-11-11T00:45:26.426Z" }
wheels = [
    { url = "https://files.pythonhosted.org/packages/e3/98/a60efc22351b63cc908c15c4db314fbe1d87481d06b558abef270d3677c3/lifxlan-1.2.9-py3-none-any.whl", hash = "sha256:0602080934518a36385b7d67f06357f2ab978921c5b40908d61ad0cf0381710c", size = 36058, upload-time = "2025-11-11T00:45:25.165Z" },
]

[[package]]
name = "sunrise"
version = "0.1.0"
source = { editable = "." }
dependencies = [
    { name = "lifxlan" },
]

[package.metadata]
requires-dist = [{ name = "lifxlan", specifier = ">=1.2.9" }]
